
Microsoft Visual Studio Solution File, Format Version 12.00
# Visual Studio Version 17
VisualStudioVersion = 17.2.32630.192
MinimumVisualStudioVersion = 10.0.40219.1
Project("{9A19103F-16F7-4668-BE54-9A1E7A4F7556}") = "PK", "PKDlg\PK.csproj", "{459D6DF8-2EF8-4D5E-AD3A-F6FDD3AA1331}"
EndProject
Global
	GlobalSection(SolutionConfigurationPlatforms) = preSolution
		Debug|Any CPU = Debug|Any CPU
		Release|Any CPU = Release|Any CPU
	EndGlobalSection
	GlobalSection(ProjectConfigurationPlatforms) = postSolution
		{459D6DF8-2EF8-4D5E-AD3A-F6FDD3AA1331}.Debug|Any CPU.ActiveCfg = Debug|Any CPU
		{459D6DF8-2EF8-4D5E-AD3A-F6FDD3AA1331}.Debug|Any CPU.Build.0 = Debug|Any CPU
		{459D6DF8-2EF8-4D5E-AD3A-F6FDD3AA1331}.Release|Any CPU.ActiveCfg = Release|Any CPU
		{459D6DF8-2EF8-4D5E-AD3A-F6FDD3AA1331}.Release|Any CPU.Build.0 = Release|Any CPU
	EndGlobalSection
	GlobalSection(SolutionProperties) = preSolution
		HideSolutionNode = FALSE
	EndGlobalSection
	GlobalSection(ExtensibilityGlobals) = postSolution
		SolutionGuid = {D642DFFD-5066-4EAA-B47D-A28210FE4F20}
	EndGlobalSection
EndGlobal
